// !$*UTF8*$!
{
	archiveVersion = 1;
	classes = {
	};
	objectVersion = 50;
	objects = {

/* Begin PBXBuildFile section */
		14F1CBF424AC5BA400560F3F /* Decodable+Json.swift in Sources */ = {isa = PBXBuildFile; fileRef = 14F1CBF324AC5BA400560F3F /* Decodable+Json.swift */; };
		14F1CBF724AC5D1500560F3F /* ProductSearch.json in Resources */ = {isa = PBXBuildFile; fileRef = 14F1CBF624AC5D1500560F3F /* ProductSearch.json */; };
		14F1CBFC24AC621F00560F3F /* ConnectionHelper.swift in Sources */ = {isa = PBXBuildFile; fileRef = 14F1CBFB24AC621F00560F3F /* ConnectionHelper.swift */; };
		14F1CBFE24AC6C4200560F3F /* Data+Json.swift in Sources */ = {isa = PBXBuildFile; fileRef = 14F1CBFD24AC6C4200560F3F /* Data+Json.swift */; };
		14F1CC0024AC6C6E00560F3F /* String+Json.swift in Sources */ = {isa = PBXBuildFile; fileRef = 14F1CBFF24AC6C6E00560F3F /* String+Json.swift */; };
		FB1BA1AD24A97DC700D008B6 /* AlertViewController.swift in Sources */ = {isa = PBXBuildFile; fileRef = FB1BA1AC24A97DC700D008B6 /* AlertViewController.swift */; };
		FB1BA1AF24A97DEF00D008B6 /* AlertViewModel.swift in Sources */ = {isa = PBXBuildFile; fileRef = FB1BA1AE24A97DEF00D008B6 /* AlertViewModel.swift */; };
		FB1BA1B124A97E1200D008B6 /* AlertViewController.xib in Resources */ = {isa = PBXBuildFile; fileRef = FB1BA1B024A97E1200D008B6 /* AlertViewController.xib */; };
		FB1BA1B424A985BB00D008B6 /* ProductDetailViewController.swift in Sources */ = {isa = PBXBuildFile; fileRef = FB1BA1B324A985BB00D008B6 /* ProductDetailViewController.swift */; };
		FB1BA1B624A985D300D008B6 /* ProductDetailViewModel.swift in Sources */ = {isa = PBXBuildFile; fileRef = FB1BA1B524A985D300D008B6 /* ProductDetailViewModel.swift */; };
		FB1BA1B824A985F100D008B6 /* ProductDetailViewModelType.swift in Sources */ = {isa = PBXBuildFile; fileRef = FB1BA1B724A985F100D008B6 /* ProductDetailViewModelType.swift */; };
		FB1BA1BA24A9860400D008B6 /* ProductDetailViewController.xib in Resources */ = {isa = PBXBuildFile; fileRef = FB1BA1B924A9860400D008B6 /* ProductDetailViewController.xib */; };
		FB1BA1BC24A9899A00D008B6 /* ProductViewModel.swift in Sources */ = {isa = PBXBuildFile; fileRef = FB1BA1BB24A9899A00D008B6 /* ProductViewModel.swift */; };
		FB1BA1BE24A98DD900D008B6 /* ProductTableViewCell.swift in Sources */ = {isa = PBXBuildFile; fileRef = FB1BA1BD24A98DD900D008B6 /* ProductTableViewCell.swift */; };
		FB1BA1C024A98E1700D008B6 /* ProductTableViewCell.xib in Resources */ = {isa = PBXBuildFile; fileRef = FB1BA1BF24A98E1700D008B6 /* ProductTableViewCell.xib */; };
		FB1BA1C224A9925300D008B6 /* UITableView+Common.swift in Sources */ = {isa = PBXBuildFile; fileRef = FB1BA1C124A9925300D008B6 /* UITableView+Common.swift */; };
		FB1BA1C424A993B300D008B6 /* UIViewController+ChildViewController.swift in Sources */ = {isa = PBXBuildFile; fileRef = FB1BA1C324A993B300D008B6 /* UIViewController+ChildViewController.swift */; };
		FB28A08524A92D830066C28C /* ProductSearchViewController.swift in Sources */ = {isa = PBXBuildFile; fileRef = FB28A08424A92D830066C28C /* ProductSearchViewController.swift */; };
		FB28A08724A92D960066C28C /* ProductSearchViewController.xib in Resources */ = {isa = PBXBuildFile; fileRef = FB28A08624A92D960066C28C /* ProductSearchViewController.xib */; };
		FB28A08924A932150066C28C /* ProductSearchViewModel.swift in Sources */ = {isa = PBXBuildFile; fileRef = FB28A08824A932150066C28C /* ProductSearchViewModel.swift */; };
		FB28A08B24A932320066C28C /* ProductSearchViewModelType.swift in Sources */ = {isa = PBXBuildFile; fileRef = FB28A08A24A932320066C28C /* ProductSearchViewModelType.swift */; };
		FB2E5FA724A7EF3000CBDD4B /* AppDelegate.swift in Sources */ = {isa = PBXBuildFile; fileRef = FB2E5FA624A7EF3000CBDD4B /* AppDelegate.swift */; };
		FB2E5FA924A7EF3000CBDD4B /* SceneDelegate.swift in Sources */ = {isa = PBXBuildFile; fileRef = FB2E5FA824A7EF3000CBDD4B /* SceneDelegate.swift */; };
		FB2E5FAB24A7EF3000CBDD4B /* ViewController.swift in Sources */ = {isa = PBXBuildFile; fileRef = FB2E5FAA24A7EF3000CBDD4B /* ViewController.swift */; };
		FB2E5FAE24A7EF3000CBDD4B /* Main.storyboard in Resources */ = {isa = PBXBuildFile; fileRef = FB2E5FAC24A7EF3000CBDD4B /* Main.storyboard */; };
		FB2E5FB024A7EF3100CBDD4B /* Assets.xcassets in Resources */ = {isa = PBXBuildFile; fileRef = FB2E5FAF24A7EF3100CBDD4B /* Assets.xcassets */; };
		FB2E5FB324A7EF3100CBDD4B /* LaunchScreen.storyboard in Resources */ = {isa = PBXBuildFile; fileRef = FB2E5FB124A7EF3100CBDD4B /* LaunchScreen.storyboard */; };
		FB2E5FBE24A7EF3200CBDD4B /* ML_TestTests.swift in Sources */ = {isa = PBXBuildFile; fileRef = FB2E5FBD24A7EF3200CBDD4B /* ML_TestTests.swift */; };
		FB2E5FC924A7EF3200CBDD4B /* ML_TestUITests.swift in Sources */ = {isa = PBXBuildFile; fileRef = FB2E5FC824A7EF3200CBDD4B /* ML_TestUITests.swift */; };
		FB776BAC24A9A54F00769F91 /* NetworkServiceType.swift in Sources */ = {isa = PBXBuildFile; fileRef = FB776BAB24A9A54F00769F91 /* NetworkServiceType.swift */; };
		FB776BAE24A9A55900769F91 /* Resource.swift in Sources */ = {isa = PBXBuildFile; fileRef = FB776BAD24A9A55900769F91 /* Resource.swift */; };
		FB776BB024A9A57300769F91 /* NetworkService.swift in Sources */ = {isa = PBXBuildFile; fileRef = FB776BAF24A9A57200769F91 /* NetworkService.swift */; };
		FB776BBB24A9B15900769F91 /* ImageRequestService.swift in Sources */ = {isa = PBXBuildFile; fileRef = FB776BBA24A9B15900769F91 /* ImageRequestService.swift */; };
		FB776BBD24A9B16900769F91 /* ImageRequestServiceType.swift in Sources */ = {isa = PBXBuildFile; fileRef = FB776BBC24A9B16900769F91 /* ImageRequestServiceType.swift */; };
		FB776BBF24A9B17A00769F91 /* ImageCache.swift in Sources */ = {isa = PBXBuildFile; fileRef = FB776BBE24A9B17A00769F91 /* ImageCache.swift */; };
		FB9DCF7A24AC4BA5009D519E /* ServiceProvider.swift in Sources */ = {isa = PBXBuildFile; fileRef = FB9DCF7924AC4BA5009D519E /* ServiceProvider.swift */; };
		FBA3E75C24AB1C2F00889CD8 /* ProductSearchViewModelBuilder.swift in Sources */ = {isa = PBXBuildFile; fileRef = FBA3E75B24AB1C2F00889CD8 /* ProductSearchViewModelBuilder.swift */; };
		FBAA2E9224AC25EC00583C94 /* Shipping.swift in Sources */ = {isa = PBXBuildFile; fileRef = FBAA2E9124AC25EC00583C94 /* Shipping.swift */; };
		FBAA2E9424AC2A8400583C94 /* Double+Formatter.swift in Sources */ = {isa = PBXBuildFile; fileRef = FBAA2E9324AC2A8400583C94 /* Double+Formatter.swift */; };
		FBD357A524A961D8009B1344 /* FlowCoordinatorDependencyProviders.swift in Sources */ = {isa = PBXBuildFile; fileRef = FBD357A424A961D8009B1344 /* FlowCoordinatorDependencyProviders.swift */; };
		FBD357A724A962C9009B1344 /* ApplicationFlowCoordinator.swift in Sources */ = {isa = PBXBuildFile; fileRef = FBD357A624A962C9009B1344 /* ApplicationFlowCoordinator.swift */; };
		FBD357A924A96582009B1344 /* ApplicationComponentsFactory.swift in Sources */ = {isa = PBXBuildFile; fileRef = FBD357A824A96582009B1344 /* ApplicationComponentsFactory.swift */; };
		FBD357AB24A96863009B1344 /* Main.swift in Sources */ = {isa = PBXBuildFile; fileRef = FBD357AA24A96863009B1344 /* Main.swift */; };
		FBD4B2BC24A9420C0001A82F /* FlowCoordinator.swift in Sources */ = {isa = PBXBuildFile; fileRef = FBD4B2BB24A9420C0001A82F /* FlowCoordinator.swift */; };
		FBD4B2C024A944BB0001A82F /* ProductSearchNavigator.swift in Sources */ = {isa = PBXBuildFile; fileRef = FBD4B2BF24A944BB0001A82F /* ProductSearchNavigator.swift */; };
		FBD4B2C224A9482D0001A82F /* ProductSearchFlowCoordinator.swift in Sources */ = {isa = PBXBuildFile; fileRef = FBD4B2C124A9482D0001A82F /* ProductSearchFlowCoordinator.swift */; };
		FBE264FC24AAD21700DF92D0 /* ProdcutUseCase.swift in Sources */ = {isa = PBXBuildFile; fileRef = FBE264FB24AAD21700DF92D0 /* ProdcutUseCase.swift */; };
		FBE264FF24AAD34A00DF92D0 /* Product.swift in Sources */ = {isa = PBXBuildFile; fileRef = FBE264FE24AAD34A00DF92D0 /* Product.swift */; };
		FBE2650324AAF1F700DF92D0 /* Scheduler.swift in Sources */ = {isa = PBXBuildFile; fileRef = FBE2650224AAF1F700DF92D0 /* Scheduler.swift */; };
		FBE2650524AAF3D200DF92D0 /* Resource+Product.swift in Sources */ = {isa = PBXBuildFile; fileRef = FBE2650424AAF3D200DF92D0 /* Resource+Product.swift */; };
		FBE2650D24AAF4CC00DF92D0 /* MLServiceConstants.swift in Sources */ = {isa = PBXBuildFile; fileRef = FBE2650C24AAF4CC00DF92D0 /* MLServiceConstants.swift */; };
/* End PBXBuildFile section */

/* Begin PBXContainerItemProxy section */
		FB2E5FBA24A7EF3200CBDD4B /* PBXContainerItemProxy */ = {
			isa = PBXContainerItemProxy;
			containerPortal = FB2E5F9B24A7EF3000CBDD4B /* Project object */;
			proxyType = 1;
			remoteGlobalIDString = FB2E5FA224A7EF3000CBDD4B;
			remoteInfo = "ML Test";
		};
		FB2E5FC524A7EF3200CBDD4B /* PBXContainerItemProxy */ = {
			isa = PBXContainerItemProxy;
			containerPortal = FB2E5F9B24A7EF3000CBDD4B /* Project object */;
			proxyType = 1;
			remoteGlobalIDString = FB2E5FA224A7EF3000CBDD4B;
			remoteInfo = "ML Test";
		};
/* End PBXContainerItemProxy section */

/* Begin PBXFileReference section */
		14F1CBF324AC5BA400560F3F /* Decodable+Json.swift */ = {isa = PBXFileReference; lastKnownFileType = sourcecode.swift; path = "Decodable+Json.swift"; sourceTree = "<group>"; };
		14F1CBF624AC5D1500560F3F /* ProductSearch.json */ = {isa = PBXFileReference; lastKnownFileType = text.json; path = ProductSearch.json; sourceTree = "<group>"; };
		14F1CBFB24AC621F00560F3F /* ConnectionHelper.swift */ = {isa = PBXFileReference; lastKnownFileType = sourcecode.swift; path = ConnectionHelper.swift; sourceTree = "<group>"; };
		14F1CBFD24AC6C4200560F3F /* Data+Json.swift */ = {isa = PBXFileReference; lastKnownFileType = sourcecode.swift; path = "Data+Json.swift"; sourceTree = "<group>"; };
		14F1CBFF24AC6C6E00560F3F /* String+Json.swift */ = {isa = PBXFileReference; lastKnownFileType = sourcecode.swift; path = "String+Json.swift"; sourceTree = "<group>"; };
		FB1BA1AC24A97DC700D008B6 /* AlertViewController.swift */ = {isa = PBXFileReference; lastKnownFileType = sourcecode.swift; path = AlertViewController.swift; sourceTree = "<group>"; };
		FB1BA1AE24A97DEF00D008B6 /* AlertViewModel.swift */ = {isa = PBXFileReference; lastKnownFileType = sourcecode.swift; path = AlertViewModel.swift; sourceTree = "<group>"; };
		FB1BA1B024A97E1200D008B6 /* AlertViewController.xib */ = {isa = PBXFileReference; lastKnownFileType = file.xib; path = AlertViewController.xib; sourceTree = "<group>"; };
		FB1BA1B324A985BB00D008B6 /* ProductDetailViewController.swift */ = {isa = PBXFileReference; lastKnownFileType = sourcecode.swift; path = ProductDetailViewController.swift; sourceTree = "<group>"; };
		FB1BA1B524A985D300D008B6 /* ProductDetailViewModel.swift */ = {isa = PBXFileReference; lastKnownFileType = sourcecode.swift; path = ProductDetailViewModel.swift; sourceTree = "<group>"; };
		FB1BA1B724A985F100D008B6 /* ProductDetailViewModelType.swift */ = {isa = PBXFileReference; lastKnownFileType = sourcecode.swift; path = ProductDetailViewModelType.swift; sourceTree = "<group>"; };
		FB1BA1B924A9860400D008B6 /* ProductDetailViewController.xib */ = {isa = PBXFileReference; lastKnownFileType = file.xib; path = ProductDetailViewController.xib; sourceTree = "<group>"; };
		FB1BA1BB24A9899A00D008B6 /* ProductViewModel.swift */ = {isa = PBXFileReference; lastKnownFileType = sourcecode.swift; path = ProductViewModel.swift; sourceTree = "<group>"; };
		FB1BA1BD24A98DD900D008B6 /* ProductTableViewCell.swift */ = {isa = PBXFileReference; lastKnownFileType = sourcecode.swift; path = ProductTableViewCell.swift; sourceTree = "<group>"; };
		FB1BA1BF24A98E1700D008B6 /* ProductTableViewCell.xib */ = {isa = PBXFileReference; lastKnownFileType = file.xib; path = ProductTableViewCell.xib; sourceTree = "<group>"; };
		FB1BA1C124A9925300D008B6 /* UITableView+Common.swift */ = {isa = PBXFileReference; lastKnownFileType = sourcecode.swift; path = "UITableView+Common.swift"; sourceTree = "<group>"; };
		FB1BA1C324A993B300D008B6 /* UIViewController+ChildViewController.swift */ = {isa = PBXFileReference; lastKnownFileType = sourcecode.swift; path = "UIViewController+ChildViewController.swift"; sourceTree = "<group>"; };
		FB28A08424A92D830066C28C /* ProductSearchViewController.swift */ = {isa = PBXFileReference; lastKnownFileType = sourcecode.swift; path = ProductSearchViewController.swift; sourceTree = "<group>"; };
		FB28A08624A92D960066C28C /* ProductSearchViewController.xib */ = {isa = PBXFileReference; lastKnownFileType = file.xib; path = ProductSearchViewController.xib; sourceTree = "<group>"; };
		FB28A08824A932150066C28C /* ProductSearchViewModel.swift */ = {isa = PBXFileReference; lastKnownFileType = sourcecode.swift; path = ProductSearchViewModel.swift; sourceTree = "<group>"; };
		FB28A08A24A932320066C28C /* ProductSearchViewModelType.swift */ = {isa = PBXFileReference; lastKnownFileType = sourcecode.swift; path = ProductSearchViewModelType.swift; sourceTree = "<group>"; };
		FB2E5FA324A7EF3000CBDD4B /* ML Test.app */ = {isa = PBXFileReference; explicitFileType = wrapper.application; includeInIndex = 0; path = "ML Test.app"; sourceTree = BUILT_PRODUCTS_DIR; };
		FB2E5FA624A7EF3000CBDD4B /* AppDelegate.swift */ = {isa = PBXFileReference; lastKnownFileType = sourcecode.swift; path = AppDelegate.swift; sourceTree = "<group>"; };
		FB2E5FA824A7EF3000CBDD4B /* SceneDelegate.swift */ = {isa = PBXFileReference; lastKnownFileType = sourcecode.swift; path = SceneDelegate.swift; sourceTree = "<group>"; };
		FB2E5FAA24A7EF3000CBDD4B /* ViewController.swift */ = {isa = PBXFileReference; lastKnownFileType = sourcecode.swift; path = ViewController.swift; sourceTree = "<group>"; };
		FB2E5FAD24A7EF3000CBDD4B /* Base */ = {isa = PBXFileReference; lastKnownFileType = file.storyboard; name = Base; path = Base.lproj/Main.storyboard; sourceTree = "<group>"; };
		FB2E5FAF24A7EF3100CBDD4B /* Assets.xcassets */ = {isa = PBXFileReference; lastKnownFileType = folder.assetcatalog; path = Assets.xcassets; sourceTree = "<group>"; };
		FB2E5FB224A7EF3100CBDD4B /* Base */ = {isa = PBXFileReference; lastKnownFileType = file.storyboard; name = Base; path = Base.lproj/LaunchScreen.storyboard; sourceTree = "<group>"; };
		FB2E5FB424A7EF3100CBDD4B /* Info.plist */ = {isa = PBXFileReference; lastKnownFileType = text.plist.xml; path = Info.plist; sourceTree = "<group>"; };
		FB2E5FB924A7EF3200CBDD4B /* ML TestTests.xctest */ = {isa = PBXFileReference; explicitFileType = wrapper.cfbundle; includeInIndex = 0; path = "ML TestTests.xctest"; sourceTree = BUILT_PRODUCTS_DIR; };
		FB2E5FBD24A7EF3200CBDD4B /* ML_TestTests.swift */ = {isa = PBXFileReference; lastKnownFileType = sourcecode.swift; path = ML_TestTests.swift; sourceTree = "<group>"; };
		FB2E5FBF24A7EF3200CBDD4B /* Info.plist */ = {isa = PBXFileReference; lastKnownFileType = text.plist.xml; path = Info.plist; sourceTree = "<group>"; };
		FB2E5FC424A7EF3200CBDD4B /* ML TestUITests.xctest */ = {isa = PBXFileReference; explicitFileType = wrapper.cfbundle; includeInIndex = 0; path = "ML TestUITests.xctest"; sourceTree = BUILT_PRODUCTS_DIR; };
		FB2E5FC824A7EF3200CBDD4B /* ML_TestUITests.swift */ = {isa = PBXFileReference; lastKnownFileType = sourcecode.swift; path = ML_TestUITests.swift; sourceTree = "<group>"; };
		FB2E5FCA24A7EF3200CBDD4B /* Info.plist */ = {isa = PBXFileReference; lastKnownFileType = text.plist.xml; path = Info.plist; sourceTree = "<group>"; };
		FB776BAB24A9A54F00769F91 /* NetworkServiceType.swift */ = {isa = PBXFileReference; lastKnownFileType = sourcecode.swift; path = NetworkServiceType.swift; sourceTree = "<group>"; };
		FB776BAD24A9A55900769F91 /* Resource.swift */ = {isa = PBXFileReference; lastKnownFileType = sourcecode.swift; path = Resource.swift; sourceTree = "<group>"; };
		FB776BAF24A9A57200769F91 /* NetworkService.swift */ = {isa = PBXFileReference; lastKnownFileType = sourcecode.swift; path = NetworkService.swift; sourceTree = "<group>"; };
		FB776BBA24A9B15900769F91 /* ImageRequestService.swift */ = {isa = PBXFileReference; lastKnownFileType = sourcecode.swift; path = ImageRequestService.swift; sourceTree = "<group>"; };
		FB776BBC24A9B16900769F91 /* ImageRequestServiceType.swift */ = {isa = PBXFileReference; lastKnownFileType = sourcecode.swift; path = ImageRequestServiceType.swift; sourceTree = "<group>"; };
		FB776BBE24A9B17A00769F91 /* ImageCache.swift */ = {isa = PBXFileReference; lastKnownFileType = sourcecode.swift; path = ImageCache.swift; sourceTree = "<group>"; };
		FB9DCF7924AC4BA5009D519E /* ServiceProvider.swift */ = {isa = PBXFileReference; lastKnownFileType = sourcecode.swift; path = ServiceProvider.swift; sourceTree = "<group>"; };
		FBA3E75B24AB1C2F00889CD8 /* ProductSearchViewModelBuilder.swift */ = {isa = PBXFileReference; lastKnownFileType = sourcecode.swift; path = ProductSearchViewModelBuilder.swift; sourceTree = "<group>"; };
		FBAA2E9124AC25EC00583C94 /* Shipping.swift */ = {isa = PBXFileReference; lastKnownFileType = sourcecode.swift; path = Shipping.swift; sourceTree = "<group>"; };
		FBAA2E9324AC2A8400583C94 /* Double+Formatter.swift */ = {isa = PBXFileReference; lastKnownFileType = sourcecode.swift; path = "Double+Formatter.swift"; sourceTree = "<group>"; };
		FBD357A424A961D8009B1344 /* FlowCoordinatorDependencyProviders.swift */ = {isa = PBXFileReference; lastKnownFileType = sourcecode.swift; path = FlowCoordinatorDependencyProviders.swift; sourceTree = "<group>"; };
		FBD357A624A962C9009B1344 /* ApplicationFlowCoordinator.swift */ = {isa = PBXFileReference; lastKnownFileType = sourcecode.swift; path = ApplicationFlowCoordinator.swift; sourceTree = "<group>"; };
		FBD357A824A96582009B1344 /* ApplicationComponentsFactory.swift */ = {isa = PBXFileReference; lastKnownFileType = sourcecode.swift; path = ApplicationComponentsFactory.swift; sourceTree = "<group>"; };
		FBD357AA24A96863009B1344 /* Main.swift */ = {isa = PBXFileReference; lastKnownFileType = sourcecode.swift; path = Main.swift; sourceTree = "<group>"; };
		FBD4B2BB24A9420C0001A82F /* FlowCoordinator.swift */ = {isa = PBXFileReference; lastKnownFileType = sourcecode.swift; path = FlowCoordinator.swift; sourceTree = "<group>"; };
		FBD4B2BF24A944BB0001A82F /* ProductSearchNavigator.swift */ = {isa = PBXFileReference; lastKnownFileType = sourcecode.swift; path = ProductSearchNavigator.swift; sourceTree = "<group>"; };
		FBD4B2C124A9482D0001A82F /* ProductSearchFlowCoordinator.swift */ = {isa = PBXFileReference; lastKnownFileType = sourcecode.swift; path = ProductSearchFlowCoordinator.swift; sourceTree = "<group>"; };
		FBE264FB24AAD21700DF92D0 /* ProdcutUseCase.swift */ = {isa = PBXFileReference; lastKnownFileType = sourcecode.swift; path = ProdcutUseCase.swift; sourceTree = "<group>"; };
		FBE264FE24AAD34A00DF92D0 /* Product.swift */ = {isa = PBXFileReference; lastKnownFileType = sourcecode.swift; path = Product.swift; sourceTree = "<group>"; };
		FBE2650224AAF1F700DF92D0 /* Scheduler.swift */ = {isa = PBXFileReference; lastKnownFileType = sourcecode.swift; path = Scheduler.swift; sourceTree = "<group>"; };
		FBE2650424AAF3D200DF92D0 /* Resource+Product.swift */ = {isa = PBXFileReference; lastKnownFileType = sourcecode.swift; path = "Resource+Product.swift"; sourceTree = "<group>"; };
		FBE2650C24AAF4CC00DF92D0 /* MLServiceConstants.swift */ = {isa = PBXFileReference; lastKnownFileType = sourcecode.swift; path = MLServiceConstants.swift; sourceTree = "<group>"; };
/* End PBXFileReference section */

/* Begin PBXFrameworksBuildPhase section */
		FB2E5FA024A7EF3000CBDD4B /* Frameworks */ = {
			isa = PBXFrameworksBuildPhase;
			buildActionMask = 2147483647;
			files = (
			);
			runOnlyForDeploymentPostprocessing = 0;
		};
		FB2E5FB624A7EF3200CBDD4B /* Frameworks */ = {
			isa = PBXFrameworksBuildPhase;
			buildActionMask = 2147483647;
			files = (
			);
			runOnlyForDeploymentPostprocessing = 0;
		};
		FB2E5FC124A7EF3200CBDD4B /* Frameworks */ = {
			isa = PBXFrameworksBuildPhase;
			buildActionMask = 2147483647;
			files = (
			);
			runOnlyForDeploymentPostprocessing = 0;
		};
/* End PBXFrameworksBuildPhase section */

/* Begin PBXGroup section */
		14F1CBF524AC5CF200560F3F /* MockResponse */ = {
			isa = PBXGroup;
			children = (
				14F1CBF624AC5D1500560F3F /* ProductSearch.json */,
			);
			path = MockResponse;
			sourceTree = "<group>";
		};
		FB1BA1AB24A97D7B00D008B6 /* Alert */ = {
			isa = PBXGroup;
			children = (
				FB1BA1AC24A97DC700D008B6 /* AlertViewController.swift */,
				FB1BA1B024A97E1200D008B6 /* AlertViewController.xib */,
				FB1BA1AE24A97DEF00D008B6 /* AlertViewModel.swift */,
			);
			path = Alert;
			sourceTree = "<group>";
		};
		FB1BA1B224A9857B00D008B6 /* ProductDetail */ = {
			isa = PBXGroup;
			children = (
				FB1BA1B324A985BB00D008B6 /* ProductDetailViewController.swift */,
				FB1BA1B924A9860400D008B6 /* ProductDetailViewController.xib */,
				FB1BA1B524A985D300D008B6 /* ProductDetailViewModel.swift */,
				FB1BA1B724A985F100D008B6 /* ProductDetailViewModelType.swift */,
			);
			path = ProductDetail;
			sourceTree = "<group>";
		};
		FB28A08224A92CF30066C28C /* Views */ = {
			isa = PBXGroup;
			children = (
				FB1BA1AB24A97D7B00D008B6 /* Alert */,
				FB1BA1B224A9857B00D008B6 /* ProductDetail */,
				FB28A08324A92D050066C28C /* ProductSearch */,
			);
			path = Views;
			sourceTree = "<group>";
		};
		FB28A08324A92D050066C28C /* ProductSearch */ = {
			isa = PBXGroup;
			children = (
				FB28A08424A92D830066C28C /* ProductSearchViewController.swift */,
				FB28A08624A92D960066C28C /* ProductSearchViewController.xib */,
				FB28A08824A932150066C28C /* ProductSearchViewModel.swift */,
				FB28A08A24A932320066C28C /* ProductSearchViewModelType.swift */,
				FBD4B2BF24A944BB0001A82F /* ProductSearchNavigator.swift */,
				FB1BA1BB24A9899A00D008B6 /* ProductViewModel.swift */,
				FB1BA1BD24A98DD900D008B6 /* ProductTableViewCell.swift */,
				FB1BA1BF24A98E1700D008B6 /* ProductTableViewCell.xib */,
				FBA3E75B24AB1C2F00889CD8 /* ProductSearchViewModelBuilder.swift */,
			);
			path = ProductSearch;
			sourceTree = "<group>";
		};
		FB28A08C24A936140066C28C /* Utils */ = {
			isa = PBXGroup;
			children = (
				FB1BA1C124A9925300D008B6 /* UITableView+Common.swift */,
				FB1BA1C324A993B300D008B6 /* UIViewController+ChildViewController.swift */,
				FBAA2E9324AC2A8400583C94 /* Double+Formatter.swift */,
				14F1CBF324AC5BA400560F3F /* Decodable+Json.swift */,
				14F1CBFD24AC6C4200560F3F /* Data+Json.swift */,
				14F1CBFF24AC6C6E00560F3F /* String+Json.swift */,
			);
			path = Utils;
			sourceTree = "<group>";
		};
		FB2E5F9A24A7EF3000CBDD4B = {
			isa = PBXGroup;
			children = (
				FB2E5FA524A7EF3000CBDD4B /* ML Test */,
				FB2E5FBC24A7EF3200CBDD4B /* ML TestTests */,
				FB2E5FC724A7EF3200CBDD4B /* ML TestUITests */,
				FB2E5FA424A7EF3000CBDD4B /* Products */,
			);
			sourceTree = "<group>";
		};
		FB2E5FA424A7EF3000CBDD4B /* Products */ = {
			isa = PBXGroup;
			children = (
				FB2E5FA324A7EF3000CBDD4B /* ML Test.app */,
				FB2E5FB924A7EF3200CBDD4B /* ML TestTests.xctest */,
				FB2E5FC424A7EF3200CBDD4B /* ML TestUITests.xctest */,
			);
			name = Products;
			sourceTree = "<group>";
		};
		FB2E5FA524A7EF3000CBDD4B /* ML Test */ = {
			isa = PBXGroup;
			children = (
				FBE264FD24AAD33200DF92D0 /* Entities */,
				FBE264FA24AAD19600DF92D0 /* UseCases */,
				FB776BA924A9A53000769F91 /* Services */,
				FBD4B2BA24A941BA0001A82F /* FlowCoordinator */,
				FB28A08224A92CF30066C28C /* Views */,
				FB28A08C24A936140066C28C /* Utils */,
				FB2E5FA624A7EF3000CBDD4B /* AppDelegate.swift */,
				FB2E5FA824A7EF3000CBDD4B /* SceneDelegate.swift */,
				FB2E5FAA24A7EF3000CBDD4B /* ViewController.swift */,
				FB2E5FAC24A7EF3000CBDD4B /* Main.storyboard */,
				FB2E5FAF24A7EF3100CBDD4B /* Assets.xcassets */,
				FB2E5FB124A7EF3100CBDD4B /* LaunchScreen.storyboard */,
				FB2E5FB424A7EF3100CBDD4B /* Info.plist */,
				FBD357AA24A96863009B1344 /* Main.swift */,
			);
			path = "ML Test";
			sourceTree = "<group>";
		};
		FB2E5FBC24A7EF3200CBDD4B /* ML TestTests */ = {
			isa = PBXGroup;
			children = (
				14F1CBF524AC5CF200560F3F /* MockResponse */,
				FB2E5FBD24A7EF3200CBDD4B /* ML_TestTests.swift */,
				FB2E5FBF24A7EF3200CBDD4B /* Info.plist */,
				14F1CBFB24AC621F00560F3F /* ConnectionHelper.swift */,
			);
			path = "ML TestTests";
			sourceTree = "<group>";
		};
		FB2E5FC724A7EF3200CBDD4B /* ML TestUITests */ = {
			isa = PBXGroup;
			children = (
				FB2E5FC824A7EF3200CBDD4B /* ML_TestUITests.swift */,
				FB2E5FCA24A7EF3200CBDD4B /* Info.plist */,
			);
			path = "ML TestUITests";
			sourceTree = "<group>";
		};
		FB776BA924A9A53000769F91 /* Services */ = {
			isa = PBXGroup;
			children = (
				FB776BB324A9AEF600769F91 /* ImageRequest */,
				FB776BAA24A9A53600769F91 /* Network */,
				FBE2650224AAF1F700DF92D0 /* Scheduler.swift */,
				FB9DCF7924AC4BA5009D519E /* ServiceProvider.swift */,
			);
			path = Services;
			sourceTree = "<group>";
		};
		FB776BAA24A9A53600769F91 /* Network */ = {
			isa = PBXGroup;
			children = (
				FB776BAB24A9A54F00769F91 /* NetworkServiceType.swift */,
				FB776BAD24A9A55900769F91 /* Resource.swift */,
				FB776BAF24A9A57200769F91 /* NetworkService.swift */,
			);
			path = Network;
			sourceTree = "<group>";
		};
		FB776BB324A9AEF600769F91 /* ImageRequest */ = {
			isa = PBXGroup;
			children = (
				FB776BBA24A9B15900769F91 /* ImageRequestService.swift */,
				FB776BBC24A9B16900769F91 /* ImageRequestServiceType.swift */,
				FB776BBE24A9B17A00769F91 /* ImageCache.swift */,
			);
			path = ImageRequest;
			sourceTree = "<group>";
		};
		FBD4B2BA24A941BA0001A82F /* FlowCoordinator */ = {
			isa = PBXGroup;
			children = (
				FBD4B2BB24A9420C0001A82F /* FlowCoordinator.swift */,
				FBD357A624A962C9009B1344 /* ApplicationFlowCoordinator.swift */,
				FBD357A824A96582009B1344 /* ApplicationComponentsFactory.swift */,
				FBD357A424A961D8009B1344 /* FlowCoordinatorDependencyProviders.swift */,
				FBD4B2C124A9482D0001A82F /* ProductSearchFlowCoordinator.swift */,
			);
			path = FlowCoordinator;
			sourceTree = "<group>";
		};
		FBE264FA24AAD19600DF92D0 /* UseCases */ = {
			isa = PBXGroup;
			children = (
				FBE264FB24AAD21700DF92D0 /* ProdcutUseCase.swift */,
				FBE2650424AAF3D200DF92D0 /* Resource+Product.swift */,
				FBE2650C24AAF4CC00DF92D0 /* MLServiceConstants.swift */,
			);
			path = UseCases;
			sourceTree = "<group>";
		};
		FBE264FD24AAD33200DF92D0 /* Entities */ = {
			isa = PBXGroup;
			children = (
				FBE264FE24AAD34A00DF92D0 /* Product.swift */,
				FBAA2E9124AC25EC00583C94 /* Shipping.swift */,
			);
			path = Entities;
			sourceTree = "<group>";
		};
/* End PBXGroup section */

/* Begin PBXNativeTarget section */
		FB2E5FA224A7EF3000CBDD4B /* ML Test */ = {
			isa = PBXNativeTarget;
			buildConfigurationList = FB2E5FCD24A7EF3200CBDD4B /* Build configuration list for PBXNativeTarget "ML Test" */;
			buildPhases = (
				FB2E5F9F24A7EF3000CBDD4B /* Sources */,
				FB2E5FA024A7EF3000CBDD4B /* Frameworks */,
				FB2E5FA124A7EF3000CBDD4B /* Resources */,
			);
			buildRules = (
			);
			dependencies = (
			);
			name = "ML Test";
			productName = "ML Test";
			productReference = FB2E5FA324A7EF3000CBDD4B /* ML Test.app */;
			productType = "com.apple.product-type.application";
		};
		FB2E5FB824A7EF3200CBDD4B /* ML TestTests */ = {
			isa = PBXNativeTarget;
			buildConfigurationList = FB2E5FD024A7EF3200CBDD4B /* Build configuration list for PBXNativeTarget "ML TestTests" */;
			buildPhases = (
				FB2E5FB524A7EF3200CBDD4B /* Sources */,
				FB2E5FB624A7EF3200CBDD4B /* Frameworks */,
				FB2E5FB724A7EF3200CBDD4B /* Resources */,
			);
			buildRules = (
			);
			dependencies = (
				FB2E5FBB24A7EF3200CBDD4B /* PBXTargetDependency */,
			);
			name = "ML TestTests";
			productName = "ML TestTests";
			productReference = FB2E5FB924A7EF3200CBDD4B /* ML TestTests.xctest */;
			productType = "com.apple.product-type.bundle.unit-test";
		};
		FB2E5FC324A7EF3200CBDD4B /* ML TestUITests */ = {
			isa = PBXNativeTarget;
			buildConfigurationList = FB2E5FD324A7EF3200CBDD4B /* Build configuration list for PBXNativeTarget "ML TestUITests" */;
			buildPhases = (
				FB2E5FC024A7EF3200CBDD4B /* Sources */,
				FB2E5FC124A7EF3200CBDD4B /* Frameworks */,
				FB2E5FC224A7EF3200CBDD4B /* Resources */,
			);
			buildRules = (
			);
			dependencies = (
				FB2E5FC624A7EF3200CBDD4B /* PBXTargetDependency */,
			);
			name = "ML TestUITests";
			productName = "ML TestUITests";
			productReference = FB2E5FC424A7EF3200CBDD4B /* ML TestUITests.xctest */;
			productType = "com.apple.product-type.bundle.ui-testing";
		};
/* End PBXNativeTarget section */

/* Begin PBXProject section */
		FB2E5F9B24A7EF3000CBDD4B /* Project object */ = {
			isa = PBXProject;
			attributes = {
				LastSwiftUpdateCheck = 1200;
				LastUpgradeCheck = 1200;
				TargetAttributes = {
					FB2E5FA224A7EF3000CBDD4B = {
						CreatedOnToolsVersion = 12.0;
					};
					FB2E5FB824A7EF3200CBDD4B = {
						CreatedOnToolsVersion = 12.0;
						TestTargetID = FB2E5FA224A7EF3000CBDD4B;
					};
					FB2E5FC324A7EF3200CBDD4B = {
						CreatedOnToolsVersion = 12.0;
						TestTargetID = FB2E5FA224A7EF3000CBDD4B;
					};
				};
			};
			buildConfigurationList = FB2E5F9E24A7EF3000CBDD4B /* Build configuration list for PBXProject "ML Test" */;
			compatibilityVersion = "Xcode 9.3";
			developmentRegion = en;
			hasScannedForEncodings = 0;
			knownRegions = (
				en,
				Base,
			);
			mainGroup = FB2E5F9A24A7EF3000CBDD4B;
			productRefGroup = FB2E5FA424A7EF3000CBDD4B /* Products */;
			projectDirPath = "";
			projectRoot = "";
			targets = (
				FB2E5FA224A7EF3000CBDD4B /* ML Test */,
				FB2E5FB824A7EF3200CBDD4B /* ML TestTests */,
				FB2E5FC324A7EF3200CBDD4B /* ML TestUITests */,
			);
		};
/* End PBXProject section */

/* Begin PBXResourcesBuildPhase section */
		FB2E5FA124A7EF3000CBDD4B /* Resources */ = {
			isa = PBXResourcesBuildPhase;
			buildActionMask = 2147483647;
			files = (
				FB2E5FB324A7EF3100CBDD4B /* LaunchScreen.storyboard in Resources */,
				FB1BA1C024A98E1700D008B6 /* ProductTableViewCell.xib in Resources */,
				FB2E5FB024A7EF3100CBDD4B /* Assets.xcassets in Resources */,
				FB28A08724A92D960066C28C /* ProductSearchViewController.xib in Resources */,
				FB2E5FAE24A7EF3000CBDD4B /* Main.storyboard in Resources */,
				FB1BA1B124A97E1200D008B6 /* AlertViewController.xib in Resources */,
				FB1BA1BA24A9860400D008B6 /* ProductDetailViewController.xib in Resources */,
			);
			runOnlyForDeploymentPostprocessing = 0;
		};
		FB2E5FB724A7EF3200CBDD4B /* Resources */ = {
			isa = PBXResourcesBuildPhase;
			buildActionMask = 2147483647;
			files = (
				14F1CBF724AC5D1500560F3F /* ProductSearch.json in Resources */,
			);
			runOnlyForDeploymentPostprocessing = 0;
		};
		FB2E5FC224A7EF3200CBDD4B /* Resources */ = {
			isa = PBXResourcesBuildPhase;
			buildActionMask = 2147483647;
			files = (
			);
			runOnlyForDeploymentPostprocessing = 0;
		};
/* End PBXResourcesBuildPhase section */

/* Begin PBXSourcesBuildPhase section */
		FB2E5F9F24A7EF3000CBDD4B /* Sources */ = {
			isa = PBXSourcesBuildPhase;
			buildActionMask = 2147483647;
			files = (
				FBE2650324AAF1F700DF92D0 /* Scheduler.swift in Sources */,
				FB776BBF24A9B17A00769F91 /* ImageCache.swift in Sources */,
				FB776BAC24A9A54F00769F91 /* NetworkServiceType.swift in Sources */,
				FBD357A924A96582009B1344 /* ApplicationComponentsFactory.swift in Sources */,
				FB9DCF7A24AC4BA5009D519E /* ServiceProvider.swift in Sources */,
				FBAA2E9224AC25EC00583C94 /* Shipping.swift in Sources */,
				FBE2650524AAF3D200DF92D0 /* Resource+Product.swift in Sources */,
				FB1BA1C224A9925300D008B6 /* UITableView+Common.swift in Sources */,
				FB776BBD24A9B16900769F91 /* ImageRequestServiceType.swift in Sources */,
				FBA3E75C24AB1C2F00889CD8 /* ProductSearchViewModelBuilder.swift in Sources */,
				FB1BA1BE24A98DD900D008B6 /* ProductTableViewCell.swift in Sources */,
				FB2E5FAB24A7EF3000CBDD4B /* ViewController.swift in Sources */,
				FB1BA1AF24A97DEF00D008B6 /* AlertViewModel.swift in Sources */,
				FBE264FF24AAD34A00DF92D0 /* Product.swift in Sources */,
				FB28A08924A932150066C28C /* ProductSearchViewModel.swift in Sources */,
				FBD357A524A961D8009B1344 /* FlowCoordinatorDependencyProviders.swift in Sources */,
				14F1CBFE24AC6C4200560F3F /* Data+Json.swift in Sources */,
				FB28A08B24A932320066C28C /* ProductSearchViewModelType.swift in Sources */,
				FBD357A724A962C9009B1344 /* ApplicationFlowCoordinator.swift in Sources */,
				FBE264FC24AAD21700DF92D0 /* ProdcutUseCase.swift in Sources */,
				FB1BA1B824A985F100D008B6 /* ProductDetailViewModelType.swift in Sources */,
				FBE2650D24AAF4CC00DF92D0 /* MLServiceConstants.swift in Sources */,
				14F1CC0024AC6C6E00560F3F /* String+Json.swift in Sources */,
				FBD4B2BC24A9420C0001A82F /* FlowCoordinator.swift in Sources */,
				FBD4B2C224A9482D0001A82F /* ProductSearchFlowCoordinator.swift in Sources */,
				FB1BA1B424A985BB00D008B6 /* ProductDetailViewController.swift in Sources */,
				FB2E5FA724A7EF3000CBDD4B /* AppDelegate.swift in Sources */,
				FB1BA1C424A993B300D008B6 /* UIViewController+ChildViewController.swift in Sources */,
				FB28A08524A92D830066C28C /* ProductSearchViewController.swift in Sources */,
				FB776BAE24A9A55900769F91 /* Resource.swift in Sources */,
				FB1BA1BC24A9899A00D008B6 /* ProductViewModel.swift in Sources */,
				FB2E5FA924A7EF3000CBDD4B /* SceneDelegate.swift in Sources */,
				FB776BBB24A9B15900769F91 /* ImageRequestService.swift in Sources */,
				FBAA2E9424AC2A8400583C94 /* Double+Formatter.swift in Sources */,
				FBD357AB24A96863009B1344 /* Main.swift in Sources */,
				FB1BA1AD24A97DC700D008B6 /* AlertViewController.swift in Sources */,
				FBD4B2C024A944BB0001A82F /* ProductSearchNavigator.swift in Sources */,
				14F1CBF424AC5BA400560F3F /* Decodable+Json.swift in Sources */,
				FB776BB024A9A57300769F91 /* NetworkService.swift in Sources */,
				FB1BA1B624A985D300D008B6 /* ProductDetailViewModel.swift in Sources */,
			);
			runOnlyForDeploymentPostprocessing = 0;
		};
		FB2E5FB524A7EF3200CBDD4B /* Sources */ = {
			isa = PBXSourcesBuildPhase;
			buildActionMask = 2147483647;
			files = (
				FB2E5FBE24A7EF3200CBDD4B /* ML_TestTests.swift in Sources */,
				14F1CBFC24AC621F00560F3F /* ConnectionHelper.swift in Sources */,
			);
			runOnlyForDeploymentPostprocessing = 0;
		};
		FB2E5FC024A7EF3200CBDD4B /* Sources */ = {
			isa = PBXSourcesBuildPhase;
			buildActionMask = 2147483647;
			files = (
				FB2E5FC924A7EF3200CBDD4B /* ML_TestUITests.swift in Sources */,
			);
			runOnlyForDeploymentPostprocessing = 0;
		};
/* End PBXSourcesBuildPhase section */

/* Begin PBXTargetDependency section */
		FB2E5FBB24A7EF3200CBDD4B /* PBXTargetDependency */ = {
			isa = PBXTargetDependency;
			target = FB2E5FA224A7EF3000CBDD4B /* ML Test */;
			targetProxy = FB2E5FBA24A7EF3200CBDD4B /* PBXContainerItemProxy */;
		};
		FB2E5FC624A7EF3200CBDD4B /* PBXTargetDependency */ = {
			isa = PBXTargetDependency;
			target = FB2E5FA224A7EF3000CBDD4B /* ML Test */;
			targetProxy = FB2E5FC524A7EF3200CBDD4B /* PBXContainerItemProxy */;
		};
/* End PBXTargetDependency section */

/* Begin PBXVariantGroup section */
		FB2E5FAC24A7EF3000CBDD4B /* Main.storyboard */ = {
			isa = PBXVariantGroup;
			children = (
				FB2E5FAD24A7EF3000CBDD4B /* Base */,
			);
			name = Main.storyboard;
			sourceTree = "<group>";
		};
		FB2E5FB124A7EF3100CBDD4B /* LaunchScreen.storyboard */ = {
			isa = PBXVariantGroup;
			children = (
				FB2E5FB224A7EF3100CBDD4B /* Base */,
			);
			name = LaunchScreen.storyboard;
			sourceTree = "<group>";
		};
/* End PBXVariantGroup section */

/* Begin XCBuildConfiguration section */
		FB2E5FCB24A7EF3200CBDD4B /* Debug */ = {
			isa = XCBuildConfiguration;
			buildSettings = {
				ALWAYS_SEARCH_USER_PATHS = NO;
				CLANG_ANALYZER_NONNULL = YES;
				CLANG_ANALYZER_NUMBER_OBJECT_CONVERSION = YES_AGGRESSIVE;
				CLANG_CXX_LANGUAGE_STANDARD = "gnu++14";
				CLANG_CXX_LIBRARY = "libc++";
				CLANG_ENABLE_MODULES = YES;
				CLANG_ENABLE_OBJC_ARC = YES;
				CLANG_ENABLE_OBJC_WEAK = YES;
				CLANG_WARN_BLOCK_CAPTURE_AUTORELEASING = YES;
				CLANG_WARN_BOOL_CONVERSION = YES;
				CLANG_WARN_COMMA = YES;
				CLANG_WARN_CONSTANT_CONVERSION = YES;
				CLANG_WARN_DEPRECATED_OBJC_IMPLEMENTATIONS = YES;
				CLANG_WARN_DIRECT_OBJC_ISA_USAGE = YES_ERROR;
				CLANG_WARN_DOCUMENTATION_COMMENTS = YES;
				CLANG_WARN_EMPTY_BODY = YES;
				CLANG_WARN_ENUM_CONVERSION = YES;
				CLANG_WARN_INFINITE_RECURSION = YES;
				CLANG_WARN_INT_CONVERSION = YES;
				CLANG_WARN_NON_LITERAL_NULL_CONVERSION = YES;
				CLANG_WARN_OBJC_IMPLICIT_RETAIN_SELF = YES;
				CLANG_WARN_OBJC_LITERAL_CONVERSION = YES;
				CLANG_WARN_OBJC_ROOT_CLASS = YES_ERROR;
				CLANG_WARN_QUOTED_INCLUDE_IN_FRAMEWORK_HEADER = YES;
				CLANG_WARN_RANGE_LOOP_ANALYSIS = YES;
				CLANG_WARN_STRICT_PROTOTYPES = YES;
				CLANG_WARN_SUSPICIOUS_MOVE = YES;
				CLANG_WARN_UNGUARDED_AVAILABILITY = YES_AGGRESSIVE;
				CLANG_WARN_UNREACHABLE_CODE = YES;
				CLANG_WARN__DUPLICATE_METHOD_MATCH = YES;
				COPY_PHASE_STRIP = NO;
				DEBUG_INFORMATION_FORMAT = dwarf;
				ENABLE_STRICT_OBJC_MSGSEND = YES;
				ENABLE_TESTABILITY = YES;
				GCC_C_LANGUAGE_STANDARD = gnu11;
				GCC_DYNAMIC_NO_PIC = NO;
				GCC_NO_COMMON_BLOCKS = YES;
				GCC_OPTIMIZATION_LEVEL = 0;
				GCC_PREPROCESSOR_DEFINITIONS = (
					"DEBUG=1",
					"$(inherited)",
				);
				GCC_WARN_64_TO_32_BIT_CONVERSION = YES;
				GCC_WARN_ABOUT_RETURN_TYPE = YES_ERROR;
				GCC_WARN_UNDECLARED_SELECTOR = YES;
				GCC_WARN_UNINITIALIZED_AUTOS = YES_AGGRESSIVE;
				GCC_WARN_UNUSED_FUNCTION = YES;
				GCC_WARN_UNUSED_VARIABLE = YES;
				IPHONEOS_DEPLOYMENT_TARGET = 14.0;
				MTL_ENABLE_DEBUG_INFO = INCLUDE_SOURCE;
				MTL_FAST_MATH = YES;
				ONLY_ACTIVE_ARCH = YES;
				SDKROOT = iphoneos;
				SWIFT_ACTIVE_COMPILATION_CONDITIONS = DEBUG;
				SWIFT_OPTIMIZATION_LEVEL = "-Onone";
			};
			name = Debug;
		};
		FB2E5FCC24A7EF3200CBDD4B /* Release */ = {
			isa = XCBuildConfiguration;
			buildSettings = {
				ALWAYS_SEARCH_USER_PATHS = NO;
				CLANG_ANALYZER_NONNULL = YES;
				CLANG_ANALYZER_NUMBER_OBJECT_CONVERSION = YES_AGGRESSIVE;
				CLANG_CXX_LANGUAGE_STANDARD = "gnu++14";
				CLANG_CXX_LIBRARY = "libc++";
				CLANG_ENABLE_MODULES = YES;
				CLANG_ENABLE_OBJC_ARC = YES;
				CLANG_ENABLE_OBJC_WEAK = YES;
				CLANG_WARN_BLOCK_CAPTURE_AUTORELEASING = YES;
				CLANG_WARN_BOOL_CONVERSION = YES;
				CLANG_WARN_COMMA = YES;
				CLANG_WARN_CONSTANT_CONVERSION = YES;
				CLANG_WARN_DEPRECATED_OBJC_IMPLEMENTATIONS = YES;
				CLANG_WARN_DIRECT_OBJC_ISA_USAGE = YES_ERROR;
				CLANG_WARN_DOCUMENTATION_COMMENTS = YES;
				CLANG_WARN_EMPTY_BODY = YES;
				CLANG_WARN_ENUM_CONVERSION = YES;
				CLANG_WARN_INFINITE_RECURSION = YES;
				CLANG_WARN_INT_CONVERSION = YES;
				CLANG_WARN_NON_LITERAL_NULL_CONVERSION = YES;
				CLANG_WARN_OBJC_IMPLICIT_RETAIN_SELF = YES;
				CLANG_WARN_OBJC_LITERAL_CONVERSION = YES;
				CLANG_WARN_OBJC_ROOT_CLASS = YES_ERROR;
				CLANG_WARN_QUOTED_INCLUDE_IN_FRAMEWORK_HEADER = YES;
				CLANG_WARN_RANGE_LOOP_ANALYSIS = YES;
				CLANG_WARN_STRICT_PROTOTYPES = YES;
				CLANG_WARN_SUSPICIOUS_MOVE = YES;
				CLANG_WARN_UNGUARDED_AVAILABILITY = YES_AGGRESSIVE;
				CLANG_WARN_UNREACHABLE_CODE = YES;
				CLANG_WARN__DUPLICATE_METHOD_MATCH = YES;
				COPY_PHASE_STRIP = NO;
				DEBUG_INFORMATION_FORMAT = "dwarf-with-dsym";
				ENABLE_NS_ASSERTIONS = NO;
				ENABLE_STRICT_OBJC_MSGSEND = YES;
				GCC_C_LANGUAGE_STANDARD = gnu11;
				GCC_NO_COMMON_BLOCKS = YES;
				GCC_WARN_64_TO_32_BIT_CONVERSION = YES;
				GCC_WARN_ABOUT_RETURN_TYPE = YES_ERROR;
				GCC_WARN_UNDECLARED_SELECTOR = YES;
				GCC_WARN_UNINITIALIZED_AUTOS = YES_AGGRESSIVE;
				GCC_WARN_UNUSED_FUNCTION = YES;
				GCC_WARN_UNUSED_VARIABLE = YES;
				IPHONEOS_DEPLOYMENT_TARGET = 14.0;
				MTL_ENABLE_DEBUG_INFO = NO;
				MTL_FAST_MATH = YES;
				SDKROOT = iphoneos;
				SWIFT_COMPILATION_MODE = wholemodule;
				SWIFT_OPTIMIZATION_LEVEL = "-O";
				VALIDATE_PRODUCT = YES;
			};
			name = Release;
		};
		FB2E5FCE24A7EF3200CBDD4B /* Debug */ = {
			isa = XCBuildConfiguration;
			buildSettings = {
				ASSETCATALOG_COMPILER_APPICON_NAME = AppIcon;
				ASSETCATALOG_COMPILER_GLOBAL_ACCENT_COLOR_NAME = AccentColor;
				CODE_SIGN_STYLE = Automatic;
				INFOPLIST_FILE = "ML Test/Info.plist";
				IPHONEOS_DEPLOYMENT_TARGET = 13.0;
				LD_RUNPATH_SEARCH_PATHS = (
					"$(inherited)",
					"@executable_path/Frameworks",
				);
				PRODUCT_BUNDLE_IDENTIFIER = "emiliano.ML-Test";
				PRODUCT_NAME = "$(TARGET_NAME)";
				SWIFT_VERSION = 5.0;
				TARGETED_DEVICE_FAMILY = "1,2";
			};
			name = Debug;
		};
		FB2E5FCF24A7EF3200CBDD4B /* Release */ = {
			isa = XCBuildConfiguration;
			buildSettings = {
				ASSETCATALOG_COMPILER_APPICON_NAME = AppIcon;
				ASSETCATALOG_COMPILER_GLOBAL_ACCENT_COLOR_NAME = AccentColor;
				CODE_SIGN_STYLE = Automatic;
				INFOPLIST_FILE = "ML Test/Info.plist";
				IPHONEOS_DEPLOYMENT_TARGET = 13.0;
				LD_RUNPATH_SEARCH_PATHS = (
					"$(inherited)",
					"@executable_path/Frameworks",
				);
				PRODUCT_BUNDLE_IDENTIFIER = "emiliano.ML-Test";
				PRODUCT_NAME = "$(TARGET_NAME)";
				SWIFT_VERSION = 5.0;
				TARGETED_DEVICE_FAMILY = "1,2";
			};
			name = Release;
		};
		FB2E5FD124A7EF3200CBDD4B /* Debug */ = {
			isa = XCBuildConfiguration;
			buildSettings = {
				ALWAYS_EMBED_SWIFT_STANDARD_LIBRARIES = YES;
				BUNDLE_LOADER = "$(TEST_HOST)";
				CODE_SIGN_STYLE = Automatic;
				INFOPLIST_FILE = "ML TestTests/Info.plist";
				IPHONEOS_DEPLOYMENT_TARGET = 14.0;
				LD_RUNPATH_SEARCH_PATHS = (
					"$(inherited)",
					"@executable_path/Frameworks",
					"@loader_path/Frameworks",
				);
				PRODUCT_BUNDLE_IDENTIFIER = "emiliano.ML-TestTests";
				PRODUCT_NAME = "$(TARGET_NAME)";
				SWIFT_VERSION = 5.0;
				TARGETED_DEVICE_FAMILY = "1,2";
				TEST_HOST = "$(BUILT_PRODUCTS_DIR)/ML Test.app/ML Test";
			};
			name = Debug;
		};
		FB2E5FD224A7EF3200CBDD4B /* Release */ = {
			isa = XCBuildConfiguration;
			buildSettings = {
				ALWAYS_EMBED_SWIFT_STANDARD_LIBRARIES = YES;
				BUNDLE_LOADER = "$(TEST_HOST)";
				CODE_SIGN_STYLE = Automatic;
				INFOPLIST_FILE = "ML TestTests/Info.plist";
				IPHONEOS_DEPLOYMENT_TARGET = 14.0;
				LD_RUNPATH_SEARCH_PATHS = (
					"$(inherited)",
					"@executable_path/Frameworks",
					"@loader_path/Frameworks",
				);
				PRODUCT_BUNDLE_IDENTIFIER = "emiliano.ML-TestTests";
				PRODUCT_NAME = "$(TARGET_NAME)";
				SWIFT_VERSION = 5.0;
				TARGETED_DEVICE_FAMILY = "1,2";
				TEST_HOST = "$(BUILT_PRODUCTS_DIR)/ML Test.app/ML Test";
			};
			name = Release;
		};
		FB2E5FD424A7EF3200CBDD4B /* Debug */ = {
			isa = XCBuildConfiguration;
			buildSettings = {
				ALWAYS_EMBED_SWIFT_STANDARD_LIBRARIES = YES;
				CODE_SIGN_STYLE = Automatic;
				INFOPLIST_FILE = "ML TestUITests/Info.plist";
				LD_RUNPATH_SEARCH_PATHS = (
					"$(inherited)",
					"@executable_path/Frameworks",
					"@loader_path/Frameworks",
				);
				PRODUCT_BUNDLE_IDENTIFIER = "emiliano.ML-TestUITests";
				PRODUCT_NAME = "$(TARGET_NAME)";
				SWIFT_VERSION = 5.0;
				TARGETED_DEVICE_FAMILY = "1,2";
				TEST_TARGET_NAME = "ML Test";
			};
			name = Debug;
		};
		FB2E5FD524A7EF3200CBDD4B /* Release */ = {
			isa = XCBuildConfiguration;
			buildSettings = {
				ALWAYS_EMBED_SWIFT_STANDARD_LIBRARIES = YES;
				CODE_SIGN_STYLE = Automatic;
				INFOPLIST_FILE = "ML TestUITests/Info.plist";
				LD_RUNPATH_SEARCH_PATHS = (
					"$(inherited)",
					"@executable_path/Frameworks",
					"@loader_path/Frameworks",
				);
				PRODUCT_BUNDLE_IDENTIFIER = "emiliano.ML-TestUITests";
				PRODUCT_NAME = "$(TARGET_NAME)";
				SWIFT_VERSION = 5.0;
				TARGETED_DEVICE_FAMILY = "1,2";
				TEST_TARGET_NAME = "ML Test";
			};
			name = Release;
		};
/* End XCBuildConfiguration section */

/* Begin XCConfigurationList section */
		FB2E5F9E24A7EF3000CBDD4B /* Build configuration list for PBXProject "ML Test" */ = {
			isa = XCConfigurationList;
			buildConfigurations = (
				FB2E5FCB24A7EF3200CBDD4B /* Debug */,
				FB2E5FCC24A7EF3200CBDD4B /* Release */,
			);
			defaultConfigurationIsVisible = 0;
			defaultConfigurationName = Release;
		};
		FB2E5FCD24A7EF3200CBDD4B /* Build configuration list for PBXNativeTarget "ML Test" */ = {
			isa = XCConfigurationList;
			buildConfigurations = (
				FB2E5FCE24A7EF3200CBDD4B /* Debug */,
				FB2E5FCF24A7EF3200CBDD4B /* Release */,
			);
			defaultConfigurationIsVisible = 0;
			defaultConfigurationName = Release;
		};
		FB2E5FD024A7EF3200CBDD4B /* Build configuration list for PBXNativeTarget "ML TestTests" */ = {
			isa = XCConfigurationList;
			buildConfigurations = (
				FB2E5FD124A7EF3200CBDD4B /* Debug */,
				FB2E5FD224A7EF3200CBDD4B /* Release */,
			);
			defaultConfigurationIsVisible = 0;
			defaultConfigurationName = Release;
		};
		FB2E5FD324A7EF3200CBDD4B /* Build configuration list for PBXNativeTarget "ML TestUITests" */ = {
			isa = XCConfigurationList;
			buildConfigurations = (
				FB2E5FD424A7EF3200CBDD4B /* Debug */,
				FB2E5FD524A7EF3200CBDD4B /* Release */,
			);
			defaultConfigurationIsVisible = 0;
			defaultConfigurationName = Release;
		};
/* End XCConfigurationList section */
	};
	rootObject = FB2E5F9B24A7EF3000CBDD4B /* Project object */;
}
